// !$*UTF8*$!
{
	archiveVersion = 1;
	classes = {
	};
	objectVersion = 46;
	objects = {

/* Begin PBXBuildFile section */
		892F9A611BE2EC10002F181F /* Ra.h in Headers */ = {isa = PBXBuildFile; fileRef = 8955AAA41A79F72100D18868 /* Ra.h */; settings = {ATTRIBUTES = (Public, ); }; };
		8955AAA51A79F72100D18868 /* Ra.h in Headers */ = {isa = PBXBuildFile; fileRef = 8955AAA41A79F72100D18868 /* Ra.h */; settings = {ATTRIBUTES = (Public, ); }; };
		8955AAAB1A79F72100D18868 /* Ra.framework in Frameworks */ = {isa = PBXBuildFile; fileRef = 8955AAA01A79F72100D18868 /* Ra.framework */; };
		8955AAC71A79F82000D18868 /* Injector.swift in Sources */ = {isa = PBXBuildFile; fileRef = AE68A1841A79AE980092D873 /* Injector.swift */; };
		8955AAC81A79F82400D18868 /* InjectorSpecs.swift in Sources */ = {isa = PBXBuildFile; fileRef = AE68A1821A79AE380092D873 /* InjectorSpecs.swift */; };
		8966C1BA1C2B77EE003DC04E /* Ra.h in Headers */ = {isa = PBXBuildFile; fileRef = 8966C1B91C2B77EE003DC04E /* Ra.h */; settings = {ATTRIBUTES = (Public, ); }; };
		8966C1C11C2B77EE003DC04E /* Ra.framework in Frameworks */ = {isa = PBXBuildFile; fileRef = 8966C1B71C2B77EE003DC04E /* Ra.framework */; };
		8966C1CE1C2B78D0003DC04E /* Injector.swift in Sources */ = {isa = PBXBuildFile; fileRef = AE68A1841A79AE980092D873 /* Injector.swift */; };
		8966C1CF1C2B78D0003DC04E /* NSObject+Ra.swift in Sources */ = {isa = PBXBuildFile; fileRef = 89EF4FF21A98341F0052A82F /* NSObject+Ra.swift */; };
		8966C1D01C2B7A15003DC04E /* InjectorSpecs.swift in Sources */ = {isa = PBXBuildFile; fileRef = AE68A1821A79AE380092D873 /* InjectorSpecs.swift */; };
		8966C1D31C2B7A31003DC04E /* Nimble.framework in Frameworks */ = {isa = PBXBuildFile; fileRef = 8966C1D11C2B7A31003DC04E /* Nimble.framework */; };
		8966C1D41C2B7A31003DC04E /* Quick.framework in Frameworks */ = {isa = PBXBuildFile; fileRef = 8966C1D21C2B7A31003DC04E /* Quick.framework */; };
		8966C1D61C2B7A4F003DC04E /* Nimble.framework in Embed frameworks */ = {isa = PBXBuildFile; fileRef = 8966C1D11C2B7A31003DC04E /* Nimble.framework */; settings = {ATTRIBUTES = (CodeSignOnCopy, RemoveHeadersOnCopy, ); }; };
		8966C1D71C2B7A4F003DC04E /* Quick.framework in Embed frameworks */ = {isa = PBXBuildFile; fileRef = 8966C1D21C2B7A31003DC04E /* Quick.framework */; settings = {ATTRIBUTES = (CodeSignOnCopy, RemoveHeadersOnCopy, ); }; };
		8974C5371AB7722D002B51EE /* Nimble.framework in Frameworks */ = {isa = PBXBuildFile; fileRef = 8974C5351AB7722D002B51EE /* Nimble.framework */; };
		8974C5381AB7722D002B51EE /* Quick.framework in Frameworks */ = {isa = PBXBuildFile; fileRef = 8974C5361AB7722D002B51EE /* Quick.framework */; };
		8974C5411AB77291002B51EE /* Nimble.framework in Frameworks */ = {isa = PBXBuildFile; fileRef = 8974C53F1AB77291002B51EE /* Nimble.framework */; };
		8974C5421AB77291002B51EE /* Quick.framework in Frameworks */ = {isa = PBXBuildFile; fileRef = 8974C5401AB77291002B51EE /* Quick.framework */; };
		8974C5441AB77329002B51EE /* Nimble.framework in Copy Frameworks */ = {isa = PBXBuildFile; fileRef = 8974C5351AB7722D002B51EE /* Nimble.framework */; settings = {ATTRIBUTES = (CodeSignOnCopy, RemoveHeadersOnCopy, ); }; };
		8974C5451AB77329002B51EE /* Quick.framework in Copy Frameworks */ = {isa = PBXBuildFile; fileRef = 8974C5361AB7722D002B51EE /* Quick.framework */; settings = {ATTRIBUTES = (CodeSignOnCopy, RemoveHeadersOnCopy, ); }; };
		8974C5471AB7733C002B51EE /* Nimble.framework in Copy Frameworks */ = {isa = PBXBuildFile; fileRef = 8974C53F1AB77291002B51EE /* Nimble.framework */; settings = {ATTRIBUTES = (CodeSignOnCopy, RemoveHeadersOnCopy, ); }; };
		8974C5481AB7733C002B51EE /* Quick.framework in Copy Frameworks */ = {isa = PBXBuildFile; fileRef = 8974C5401AB77291002B51EE /* Quick.framework */; settings = {ATTRIBUTES = (CodeSignOnCopy, RemoveHeadersOnCopy, ); }; };
		89CAD4CD1BA4906F006D79FC /* Ra.h in Headers */ = {isa = PBXBuildFile; fileRef = 89CAD4CC1BA4906F006D79FC /* Ra.h */; settings = {ATTRIBUTES = (Public, ); }; };
		89CAD4D21BA490A3006D79FC /* Injector.swift in Sources */ = {isa = PBXBuildFile; fileRef = AE68A1841A79AE980092D873 /* Injector.swift */; };
		89CAD4D31BA490A3006D79FC /* NSObject+Ra.swift in Sources */ = {isa = PBXBuildFile; fileRef = 89EF4FF21A98341F0052A82F /* NSObject+Ra.swift */; };
		89EF4FF31A98341F0052A82F /* NSObject+Ra.swift in Sources */ = {isa = PBXBuildFile; fileRef = 89EF4FF21A98341F0052A82F /* NSObject+Ra.swift */; };
		89EF4FF41A98341F0052A82F /* NSObject+Ra.swift in Sources */ = {isa = PBXBuildFile; fileRef = 89EF4FF21A98341F0052A82F /* NSObject+Ra.swift */; };
		AE68A1461A79AD4A0092D873 /* Ra.framework in Frameworks */ = {isa = PBXBuildFile; fileRef = AE68A13A1A79AD4A0092D873 /* Ra.framework */; };
		AE68A1831A79AE380092D873 /* InjectorSpecs.swift in Sources */ = {isa = PBXBuildFile; fileRef = AE68A1821A79AE380092D873 /* InjectorSpecs.swift */; };
		AE68A1851A79AE980092D873 /* Injector.swift in Sources */ = {isa = PBXBuildFile; fileRef = AE68A1841A79AE980092D873 /* Injector.swift */; };
/* End PBXBuildFile section */

/* Begin PBXContainerItemProxy section */
		8955AAAC1A79F72100D18868 /* PBXContainerItemProxy */ = {
			isa = PBXContainerItemProxy;
			containerPortal = AE68A1311A79AD4A0092D873 /* Project object */;
			proxyType = 1;
			remoteGlobalIDString = 8955AA9F1A79F72100D18868;
			remoteInfo = "Ra-iOS";
		};
		8966C1C21C2B77EE003DC04E /* PBXContainerItemProxy */ = {
			isa = PBXContainerItemProxy;
			containerPortal = AE68A1311A79AD4A0092D873 /* Project object */;
			proxyType = 1;
			remoteGlobalIDString = 8966C1B61C2B77EE003DC04E;
			remoteInfo = "Ra-tvOS";
		};
		AE68A1471A79AD4A0092D873 /* PBXContainerItemProxy */ = {
			isa = PBXContainerItemProxy;
			containerPortal = AE68A1311A79AD4A0092D873 /* Project object */;
			proxyType = 1;
			remoteGlobalIDString = AE68A1391A79AD4A0092D873;
			remoteInfo = Ra;
		};
/* End PBXContainerItemProxy section */

/* Begin PBXCopyFilesBuildPhase section */
		8966C1D51C2B7A3E003DC04E /* Embed frameworks */ = {
			isa = PBXCopyFilesBuildPhase;
			buildActionMask = 2147483647;
			dstPath = "";
			dstSubfolderSpec = 10;
			files = (
				8966C1D61C2B7A4F003DC04E /* Nimble.framework in Embed frameworks */,
				8966C1D71C2B7A4F003DC04E /* Quick.framework in Embed frameworks */,
			);
			name = "Embed frameworks";
			runOnlyForDeploymentPostprocessing = 0;
		};
		8974C5431AB77318002B51EE /* Copy Frameworks */ = {
			isa = PBXCopyFilesBuildPhase;
			buildActionMask = 2147483647;
			dstPath = "";
			dstSubfolderSpec = 10;
			files = (
				8974C5441AB77329002B51EE /* Nimble.framework in Copy Frameworks */,
				8974C5451AB77329002B51EE /* Quick.framework in Copy Frameworks */,
			);
			name = "Copy Frameworks";
			runOnlyForDeploymentPostprocessing = 0;
		};
		8974C5461AB7732E002B51EE /* Copy Frameworks */ = {
			isa = PBXCopyFilesBuildPhase;
			buildActionMask = 2147483647;
			dstPath = "";
			dstSubfolderSpec = 10;
			files = (
				8974C5471AB7733C002B51EE /* Nimble.framework in Copy Frameworks */,
				8974C5481AB7733C002B51EE /* Quick.framework in Copy Frameworks */,
			);
			name = "Copy Frameworks";
			runOnlyForDeploymentPostprocessing = 0;
		};
/* End PBXCopyFilesBuildPhase section */

/* Begin PBXFileReference section */
		8955AAA01A79F72100D18868 /* Ra.framework */ = {isa = PBXFileReference; explicitFileType = wrapper.framework; includeInIndex = 0; path = Ra.framework; sourceTree = BUILT_PRODUCTS_DIR; };
		8955AAA31A79F72100D18868 /* Info.plist */ = {isa = PBXFileReference; lastKnownFileType = text.plist.xml; path = Info.plist; sourceTree = "<group>"; };
		8955AAA41A79F72100D18868 /* Ra.h */ = {isa = PBXFileReference; lastKnownFileType = sourcecode.c.h; path = Ra.h; sourceTree = "<group>"; };
		8955AAAA1A79F72100D18868 /* Ra_iOSTests.xctest */ = {isa = PBXFileReference; explicitFileType = wrapper.cfbundle; includeInIndex = 0; path = Ra_iOSTests.xctest; sourceTree = BUILT_PRODUCTS_DIR; };
		8955AAB01A79F72100D18868 /* Info.plist */ = {isa = PBXFileReference; lastKnownFileType = text.plist.xml; path = Info.plist; sourceTree = "<group>"; };
		8966C1B71C2B77EE003DC04E /* Ra.framework */ = {isa = PBXFileReference; explicitFileType = wrapper.framework; includeInIndex = 0; path = Ra.framework; sourceTree = BUILT_PRODUCTS_DIR; };
		8966C1B91C2B77EE003DC04E /* Ra.h */ = {isa = PBXFileReference; lastKnownFileType = sourcecode.c.h; path = Ra.h; sourceTree = "<group>"; };
		8966C1BB1C2B77EE003DC04E /* Info.plist */ = {isa = PBXFileReference; lastKnownFileType = text.plist.xml; path = Info.plist; sourceTree = "<group>"; };
		8966C1C01C2B77EE003DC04E /* Ra-tvOSTests.xctest */ = {isa = PBXFileReference; explicitFileType = wrapper.cfbundle; includeInIndex = 0; path = "Ra-tvOSTests.xctest"; sourceTree = BUILT_PRODUCTS_DIR; };
		8966C1C71C2B77EE003DC04E /* Info.plist */ = {isa = PBXFileReference; lastKnownFileType = text.plist.xml; path = Info.plist; sourceTree = "<group>"; };
		8966C1D11C2B7A31003DC04E /* Nimble.framework */ = {isa = PBXFileReference; lastKnownFileType = wrapper.framework; name = Nimble.framework; path = ../Carthage/Build/tvOS/Nimble.framework; sourceTree = "<group>"; };
		8966C1D21C2B7A31003DC04E /* Quick.framework */ = {isa = PBXFileReference; lastKnownFileType = wrapper.framework; name = Quick.framework; path = ../Carthage/Build/tvOS/Quick.framework; sourceTree = "<group>"; };
		8974C5351AB7722D002B51EE /* Nimble.framework */ = {isa = PBXFileReference; lastKnownFileType = wrapper.framework; name = Nimble.framework; path = Carthage/Build/Mac/Nimble.framework; sourceTree = SOURCE_ROOT; };
		8974C5361AB7722D002B51EE /* Quick.framework */ = {isa = PBXFileReference; lastKnownFileType = wrapper.framework; name = Quick.framework; path = Carthage/Build/Mac/Quick.framework; sourceTree = SOURCE_ROOT; };
		8974C53F1AB77291002B51EE /* Nimble.framework */ = {isa = PBXFileReference; lastKnownFileType = wrapper.framework; name = Nimble.framework; path = Carthage/Build/iOS/Nimble.framework; sourceTree = SOURCE_ROOT; };
		8974C5401AB77291002B51EE /* Quick.framework */ = {isa = PBXFileReference; lastKnownFileType = wrapper.framework; name = Quick.framework; path = Carthage/Build/iOS/Quick.framework; sourceTree = SOURCE_ROOT; };
		89CAD4CA1BA4906F006D79FC /* Ra.framework */ = {isa = PBXFileReference; explicitFileType = wrapper.framework; includeInIndex = 0; path = Ra.framework; sourceTree = BUILT_PRODUCTS_DIR; };
		89CAD4CC1BA4906F006D79FC /* Ra.h */ = {isa = PBXFileReference; lastKnownFileType = sourcecode.c.h; path = Ra.h; sourceTree = "<group>"; };
		89CAD4CE1BA4906F006D79FC /* Info.plist */ = {isa = PBXFileReference; lastKnownFileType = text.plist.xml; path = Info.plist; sourceTree = "<group>"; };
		89EF4FF21A98341F0052A82F /* NSObject+Ra.swift */ = {isa = PBXFileReference; fileEncoding = 4; lastKnownFileType = sourcecode.swift; path = "NSObject+Ra.swift"; sourceTree = "<group>"; };
		AE68A13A1A79AD4A0092D873 /* Ra.framework */ = {isa = PBXFileReference; explicitFileType = wrapper.framework; includeInIndex = 0; path = Ra.framework; sourceTree = BUILT_PRODUCTS_DIR; };
		AE68A13E1A79AD4A0092D873 /* Info.plist */ = {isa = PBXFileReference; lastKnownFileType = text.plist.xml; path = Info.plist; sourceTree = "<group>"; };
		AE68A1451A79AD4A0092D873 /* RaTests.xctest */ = {isa = PBXFileReference; explicitFileType = wrapper.cfbundle; includeInIndex = 0; path = RaTests.xctest; sourceTree = BUILT_PRODUCTS_DIR; };
		AE68A14B1A79AD4A0092D873 /* Info.plist */ = {isa = PBXFileReference; lastKnownFileType = text.plist.xml; path = Info.plist; sourceTree = "<group>"; };
		AE68A1821A79AE380092D873 /* InjectorSpecs.swift */ = {isa = PBXFileReference; fileEncoding = 4; lastKnownFileType = sourcecode.swift; path = InjectorSpecs.swift; sourceTree = "<group>"; };
		AE68A1841A79AE980092D873 /* Injector.swift */ = {isa = PBXFileReference; fileEncoding = 4; lastKnownFileType = sourcecode.swift; path = Injector.swift; sourceTree = "<group>"; };
/* End PBXFileReference section */

/* Begin PBXFrameworksBuildPhase section */
		8955AA9C1A79F72100D18868 /* Frameworks */ = {
			isa = PBXFrameworksBuildPhase;
			buildActionMask = 2147483647;
			files = (
			);
			runOnlyForDeploymentPostprocessing = 0;
		};
		8955AAA71A79F72100D18868 /* Frameworks */ = {
			isa = PBXFrameworksBuildPhase;
			buildActionMask = 2147483647;
			files = (
				8955AAAB1A79F72100D18868 /* Ra.framework in Frameworks */,
				8974C5421AB77291002B51EE /* Quick.framework in Frameworks */,
				8974C5411AB77291002B51EE /* Nimble.framework in Frameworks */,
			);
			runOnlyForDeploymentPostprocessing = 0;
		};
		8966C1B31C2B77EE003DC04E /* Frameworks */ = {
			isa = PBXFrameworksBuildPhase;
			buildActionMask = 2147483647;
			files = (
			);
			runOnlyForDeploymentPostprocessing = 0;
		};
		8966C1BD1C2B77EE003DC04E /* Frameworks */ = {
			isa = PBXFrameworksBuildPhase;
			buildActionMask = 2147483647;
			files = (
				8966C1C11C2B77EE003DC04E /* Ra.framework in Frameworks */,
				8966C1D31C2B7A31003DC04E /* Nimble.framework in Frameworks */,
				8966C1D41C2B7A31003DC04E /* Quick.framework in Frameworks */,
			);
			runOnlyForDeploymentPostprocessing = 0;
		};
		89CAD4C61BA4906F006D79FC /* Frameworks */ = {
			isa = PBXFrameworksBuildPhase;
			buildActionMask = 2147483647;
			files = (
			);
			runOnlyForDeploymentPostprocessing = 0;
		};
		AE68A1361A79AD4A0092D873 /* Frameworks */ = {
			isa = PBXFrameworksBuildPhase;
			buildActionMask = 2147483647;
			files = (
			);
			runOnlyForDeploymentPostprocessing = 0;
		};
		AE68A1421A79AD4A0092D873 /* Frameworks */ = {
			isa = PBXFrameworksBuildPhase;
			buildActionMask = 2147483647;
			files = (
				AE68A1461A79AD4A0092D873 /* Ra.framework in Frameworks */,
				8974C5381AB7722D002B51EE /* Quick.framework in Frameworks */,
				8974C5371AB7722D002B51EE /* Nimble.framework in Frameworks */,
			);
			runOnlyForDeploymentPostprocessing = 0;
		};
/* End PBXFrameworksBuildPhase section */

/* Begin PBXGroup section */
		8955AAA11A79F72100D18868 /* Ra-iOS */ = {
			isa = PBXGroup;
			children = (
				8955AAA41A79F72100D18868 /* Ra.h */,
				8955AAA21A79F72100D18868 /* Supporting Files */,
			);
			path = "Ra-iOS";
			sourceTree = "<group>";
		};
		8955AAA21A79F72100D18868 /* Supporting Files */ = {
			isa = PBXGroup;
			children = (
				8955AAA31A79F72100D18868 /* Info.plist */,
			);
			name = "Supporting Files";
			sourceTree = "<group>";
		};
		8955AAAE1A79F72100D18868 /* Ra-iOSTests */ = {
			isa = PBXGroup;
			children = (
				8974C53F1AB77291002B51EE /* Nimble.framework */,
				8974C5401AB77291002B51EE /* Quick.framework */,
				8955AAAF1A79F72100D18868 /* Supporting Files */,
			);
			path = "Ra-iOSTests";
			sourceTree = "<group>";
		};
		8955AAAF1A79F72100D18868 /* Supporting Files */ = {
			isa = PBXGroup;
			children = (
				8955AAB01A79F72100D18868 /* Info.plist */,
			);
			name = "Supporting Files";
			sourceTree = "<group>";
		};
		8966C1B81C2B77EE003DC04E /* Ra-tvOS */ = {
			isa = PBXGroup;
			children = (
				8966C1B91C2B77EE003DC04E /* Ra.h */,
				8966C1BB1C2B77EE003DC04E /* Info.plist */,
			);
			path = "Ra-tvOS";
			sourceTree = "<group>";
		};
		8966C1C41C2B77EE003DC04E /* Ra-tvOSTests */ = {
			isa = PBXGroup;
			children = (
				8966C1D11C2B7A31003DC04E /* Nimble.framework */,
				8966C1D21C2B7A31003DC04E /* Quick.framework */,
				8966C1C71C2B77EE003DC04E /* Info.plist */,
			);
			path = "Ra-tvOSTests";
			sourceTree = "<group>";
		};
		89CAD4CB1BA4906F006D79FC /* Ra-WatchOS */ = {
			isa = PBXGroup;
			children = (
				89CAD4CC1BA4906F006D79FC /* Ra.h */,
				89CAD4CE1BA4906F006D79FC /* Info.plist */,
			);
			path = "Ra-WatchOS";
			sourceTree = "<group>";
		};
		AE68A1301A79AD4A0092D873 = {
			isa = PBXGroup;
			children = (
				AE68A13C1A79AD4A0092D873 /* Ra */,
				AE68A1491A79AD4A0092D873 /* RaTests */,
				8955AAA11A79F72100D18868 /* Ra-iOS */,
				8955AAAE1A79F72100D18868 /* Ra-iOSTests */,
				89CAD4CB1BA4906F006D79FC /* Ra-WatchOS */,
				8966C1B81C2B77EE003DC04E /* Ra-tvOS */,
				8966C1C41C2B77EE003DC04E /* Ra-tvOSTests */,
				AE68A13B1A79AD4A0092D873 /* Products */,
			);
			sourceTree = "<group>";
		};
		AE68A13B1A79AD4A0092D873 /* Products */ = {
			isa = PBXGroup;
			children = (
				AE68A13A1A79AD4A0092D873 /* Ra.framework */,
				AE68A1451A79AD4A0092D873 /* RaTests.xctest */,
				8955AAA01A79F72100D18868 /* Ra.framework */,
				8955AAAA1A79F72100D18868 /* Ra_iOSTests.xctest */,
				89CAD4CA1BA4906F006D79FC /* Ra.framework */,
				8966C1B71C2B77EE003DC04E /* Ra.framework */,
				8966C1C01C2B77EE003DC04E /* Ra-tvOSTests.xctest */,
			);
			name = Products;
			sourceTree = "<group>";
		};
		AE68A13C1A79AD4A0092D873 /* Ra */ = {
			isa = PBXGroup;
			children = (
				AE68A1841A79AE980092D873 /* Injector.swift */,
				89EF4FF21A98341F0052A82F /* NSObject+Ra.swift */,
				AE68A13D1A79AD4A0092D873 /* Supporting Files */,
			);
			path = Ra;
			sourceTree = "<group>";
		};
		AE68A13D1A79AD4A0092D873 /* Supporting Files */ = {
			isa = PBXGroup;
			children = (
				AE68A13E1A79AD4A0092D873 /* Info.plist */,
			);
			name = "Supporting Files";
			sourceTree = "<group>";
		};
		AE68A1491A79AD4A0092D873 /* RaTests */ = {
			isa = PBXGroup;
			children = (
				AE68A1821A79AE380092D873 /* InjectorSpecs.swift */,
				8974C5351AB7722D002B51EE /* Nimble.framework */,
				8974C5361AB7722D002B51EE /* Quick.framework */,
				AE68A14A1A79AD4A0092D873 /* Supporting Files */,
			);
			path = RaTests;
			sourceTree = "<group>";
		};
		AE68A14A1A79AD4A0092D873 /* Supporting Files */ = {
			isa = PBXGroup;
			children = (
				AE68A14B1A79AD4A0092D873 /* Info.plist */,
			);
			name = "Supporting Files";
			sourceTree = "<group>";
		};
/* End PBXGroup section */

/* Begin PBXHeadersBuildPhase section */
		8955AA9D1A79F72100D18868 /* Headers */ = {
			isa = PBXHeadersBuildPhase;
			buildActionMask = 2147483647;
			files = (
				8955AAA51A79F72100D18868 /* Ra.h in Headers */,
			);
			runOnlyForDeploymentPostprocessing = 0;
		};
		8966C1B41C2B77EE003DC04E /* Headers */ = {
			isa = PBXHeadersBuildPhase;
			buildActionMask = 2147483647;
			files = (
				8966C1BA1C2B77EE003DC04E /* Ra.h in Headers */,
			);
			runOnlyForDeploymentPostprocessing = 0;
		};
		89CAD4C71BA4906F006D79FC /* Headers */ = {
			isa = PBXHeadersBuildPhase;
			buildActionMask = 2147483647;
			files = (
				89CAD4CD1BA4906F006D79FC /* Ra.h in Headers */,
			);
			runOnlyForDeploymentPostprocessing = 0;
		};
		AE68A1371A79AD4A0092D873 /* Headers */ = {
			isa = PBXHeadersBuildPhase;
			buildActionMask = 2147483647;
			files = (
				892F9A611BE2EC10002F181F /* Ra.h in Headers */,
			);
			runOnlyForDeploymentPostprocessing = 0;
		};
/* End PBXHeadersBuildPhase section */

/* Begin PBXNativeTarget section */
		8955AA9F1A79F72100D18868 /* Ra-iOS */ = {
			isa = PBXNativeTarget;
			buildConfigurationList = 8955AABF1A79F72100D18868 /* Build configuration list for PBXNativeTarget "Ra-iOS" */;
			buildPhases = (
				8955AA9B1A79F72100D18868 /* Sources */,
				8955AA9C1A79F72100D18868 /* Frameworks */,
				8955AA9D1A79F72100D18868 /* Headers */,
				8955AA9E1A79F72100D18868 /* Resources */,
			);
			buildRules = (
			);
			dependencies = (
			);
			name = "Ra-iOS";
			productName = "Ra-iOS";
			productReference = 8955AAA01A79F72100D18868 /* Ra.framework */;
			productType = "com.apple.product-type.framework";
		};
		8955AAA91A79F72100D18868 /* Ra-iOSTests */ = {
			isa = PBXNativeTarget;
			buildConfigurationList = 8955AAC01A79F72100D18868 /* Build configuration list for PBXNativeTarget "Ra-iOSTests" */;
			buildPhases = (
				8955AAA61A79F72100D18868 /* Sources */,
				8955AAA71A79F72100D18868 /* Frameworks */,
				8955AAA81A79F72100D18868 /* Resources */,
				8974C5461AB7732E002B51EE /* Copy Frameworks */,
			);
			buildRules = (
			);
			dependencies = (
				8955AAAD1A79F72100D18868 /* PBXTargetDependency */,
			);
			name = "Ra-iOSTests";
			productName = "Ra-iOSTests";
			productReference = 8955AAAA1A79F72100D18868 /* Ra_iOSTests.xctest */;
			productType = "com.apple.product-type.bundle.unit-test";
		};
		8966C1B61C2B77EE003DC04E /* Ra-tvOS */ = {
			isa = PBXNativeTarget;
			buildConfigurationList = 8966C1C81C2B77EE003DC04E /* Build configuration list for PBXNativeTarget "Ra-tvOS" */;
			buildPhases = (
				8966C1B21C2B77EE003DC04E /* Sources */,
				8966C1B31C2B77EE003DC04E /* Frameworks */,
				8966C1B41C2B77EE003DC04E /* Headers */,
				8966C1B51C2B77EE003DC04E /* Resources */,
			);
			buildRules = (
			);
			dependencies = (
			);
			name = "Ra-tvOS";
			productName = "Ra-tvOS";
			productReference = 8966C1B71C2B77EE003DC04E /* Ra.framework */;
			productType = "com.apple.product-type.framework";
		};
		8966C1BF1C2B77EE003DC04E /* Ra-tvOSTests */ = {
			isa = PBXNativeTarget;
			buildConfigurationList = 8966C1CB1C2B77EE003DC04E /* Build configuration list for PBXNativeTarget "Ra-tvOSTests" */;
			buildPhases = (
				8966C1BC1C2B77EE003DC04E /* Sources */,
				8966C1BD1C2B77EE003DC04E /* Frameworks */,
				8966C1BE1C2B77EE003DC04E /* Resources */,
				8966C1D51C2B7A3E003DC04E /* Embed frameworks */,
			);
			buildRules = (
			);
			dependencies = (
				8966C1C31C2B77EE003DC04E /* PBXTargetDependency */,
			);
			name = "Ra-tvOSTests";
			productName = "Ra-tvOSTests";
			productReference = 8966C1C01C2B77EE003DC04E /* Ra-tvOSTests.xctest */;
			productType = "com.apple.product-type.bundle.unit-test";
		};
		89CAD4C91BA4906F006D79FC /* Ra-WatchOS */ = {
			isa = PBXNativeTarget;
			buildConfigurationList = 89CAD4CF1BA4906F006D79FC /* Build configuration list for PBXNativeTarget "Ra-WatchOS" */;
			buildPhases = (
				89CAD4C51BA4906F006D79FC /* Sources */,
				89CAD4C61BA4906F006D79FC /* Frameworks */,
				89CAD4C71BA4906F006D79FC /* Headers */,
				89CAD4C81BA4906F006D79FC /* Resources */,
			);
			buildRules = (
			);
			dependencies = (
			);
			name = "Ra-WatchOS";
			productName = "Ra-WatchOS";
			productReference = 89CAD4CA1BA4906F006D79FC /* Ra.framework */;
			productType = "com.apple.product-type.framework";
		};
		AE68A1391A79AD4A0092D873 /* Ra */ = {
			isa = PBXNativeTarget;
			buildConfigurationList = AE68A1501A79AD4A0092D873 /* Build configuration list for PBXNativeTarget "Ra" */;
			buildPhases = (
				AE68A1351A79AD4A0092D873 /* Sources */,
				AE68A1361A79AD4A0092D873 /* Frameworks */,
				AE68A1371A79AD4A0092D873 /* Headers */,
				AE68A1381A79AD4A0092D873 /* Resources */,
			);
			buildRules = (
			);
			dependencies = (
			);
			name = Ra;
			productName = Ra;
			productReference = AE68A13A1A79AD4A0092D873 /* Ra.framework */;
			productType = "com.apple.product-type.framework";
		};
		AE68A1441A79AD4A0092D873 /* RaTests */ = {
			isa = PBXNativeTarget;
			buildConfigurationList = AE68A1531A79AD4A0092D873 /* Build configuration list for PBXNativeTarget "RaTests" */;
			buildPhases = (
				AE68A1411A79AD4A0092D873 /* Sources */,
				AE68A1421A79AD4A0092D873 /* Frameworks */,
				AE68A1431A79AD4A0092D873 /* Resources */,
				8974C5431AB77318002B51EE /* Copy Frameworks */,
			);
			buildRules = (
			);
			dependencies = (
				AE68A1481A79AD4A0092D873 /* PBXTargetDependency */,
			);
			name = RaTests;
			productName = RaTests;
			productReference = AE68A1451A79AD4A0092D873 /* RaTests.xctest */;
			productType = "com.apple.product-type.bundle.unit-test";
		};
/* End PBXNativeTarget section */

/* Begin PBXProject section */
		AE68A1311A79AD4A0092D873 /* Project object */ = {
			isa = PBXProject;
			attributes = {
				LastSwiftUpdateCheck = 0720;
				LastUpgradeCheck = 0700;
				ORGANIZATIONNAME = "Rachel Brindle";
				TargetAttributes = {
					8955AA9F1A79F72100D18868 = {
						CreatedOnToolsVersion = 6.1.1;
					};
					8955AAA91A79F72100D18868 = {
						CreatedOnToolsVersion = 6.1.1;
					};
					8966C1B61C2B77EE003DC04E = {
						CreatedOnToolsVersion = 7.2;
					};
					8966C1BF1C2B77EE003DC04E = {
						CreatedOnToolsVersion = 7.2;
					};
					89CAD4C91BA4906F006D79FC = {
						CreatedOnToolsVersion = 7.0;
					};
					AE68A1391A79AD4A0092D873 = {
						CreatedOnToolsVersion = 6.2;
					};
					AE68A1441A79AD4A0092D873 = {
						CreatedOnToolsVersion = 6.2;
					};
				};
			};
			buildConfigurationList = AE68A1341A79AD4A0092D873 /* Build configuration list for PBXProject "Ra" */;
			compatibilityVersion = "Xcode 3.2";
			developmentRegion = English;
			hasScannedForEncodings = 0;
			knownRegions = (
				en,
			);
			mainGroup = AE68A1301A79AD4A0092D873;
			productRefGroup = AE68A13B1A79AD4A0092D873 /* Products */;
			projectDirPath = "";
			projectRoot = "";
			targets = (
				AE68A1391A79AD4A0092D873 /* Ra */,
				AE68A1441A79AD4A0092D873 /* RaTests */,
				8955AA9F1A79F72100D18868 /* Ra-iOS */,
				8955AAA91A79F72100D18868 /* Ra-iOSTests */,
				89CAD4C91BA4906F006D79FC /* Ra-WatchOS */,
				8966C1B61C2B77EE003DC04E /* Ra-tvOS */,
				8966C1BF1C2B77EE003DC04E /* Ra-tvOSTests */,
			);
		};
/* End PBXProject section */

/* Begin PBXResourcesBuildPhase section */
		8955AA9E1A79F72100D18868 /* Resources */ = {
			isa = PBXResourcesBuildPhase;
			buildActionMask = 2147483647;
			files = (
			);
			runOnlyForDeploymentPostprocessing = 0;
		};
		8955AAA81A79F72100D18868 /* Resources */ = {
			isa = PBXResourcesBuildPhase;
			buildActionMask = 2147483647;
			files = (
			);
			runOnlyForDeploymentPostprocessing = 0;
		};
		8966C1B51C2B77EE003DC04E /* Resources */ = {
			isa = PBXResourcesBuildPhase;
			buildActionMask = 2147483647;
			files = (
			);
			runOnlyForDeploymentPostprocessing = 0;
		};
		8966C1BE1C2B77EE003DC04E /* Resources */ = {
			isa = PBXResourcesBuildPhase;
			buildActionMask = 2147483647;
			files = (
			);
			runOnlyForDeploymentPostprocessing = 0;
		};
		89CAD4C81BA4906F006D79FC /* Resources */ = {
			isa = PBXResourcesBuildPhase;
			buildActionMask = 2147483647;
			files = (
			);
			runOnlyForDeploymentPostprocessing = 0;
		};
		AE68A1381A79AD4A0092D873 /* Resources */ = {
			isa = PBXResourcesBuildPhase;
			buildActionMask = 2147483647;
			files = (
			);
			runOnlyForDeploymentPostprocessing = 0;
		};
		AE68A1431A79AD4A0092D873 /* Resources */ = {
			isa = PBXResourcesBuildPhase;
			buildActionMask = 2147483647;
			files = (
			);
			runOnlyForDeploymentPostprocessing = 0;
		};
/* End PBXResourcesBuildPhase section */

/* Begin PBXSourcesBuildPhase section */
		8955AA9B1A79F72100D18868 /* Sources */ = {
			isa = PBXSourcesBuildPhase;
			buildActionMask = 2147483647;
			files = (
				89EF4FF41A98341F0052A82F /* NSObject+Ra.swift in Sources */,
				8955AAC71A79F82000D18868 /* Injector.swift in Sources */,
			);
			runOnlyForDeploymentPostprocessing = 0;
		};
		8955AAA61A79F72100D18868 /* Sources */ = {
			isa = PBXSourcesBuildPhase;
			buildActionMask = 2147483647;
			files = (
				8955AAC81A79F82400D18868 /* InjectorSpecs.swift in Sources */,
			);
			runOnlyForDeploymentPostprocessing = 0;
		};
		8966C1B21C2B77EE003DC04E /* Sources */ = {
			isa = PBXSourcesBuildPhase;
			buildActionMask = 2147483647;
			files = (
				8966C1CF1C2B78D0003DC04E /* NSObject+Ra.swift in Sources */,
				8966C1CE1C2B78D0003DC04E /* Injector.swift in Sources */,
			);
			runOnlyForDeploymentPostprocessing = 0;
		};
		8966C1BC1C2B77EE003DC04E /* Sources */ = {
			isa = PBXSourcesBuildPhase;
			buildActionMask = 2147483647;
			files = (
				8966C1D01C2B7A15003DC04E /* InjectorSpecs.swift in Sources */,
			);
			runOnlyForDeploymentPostprocessing = 0;
		};
		89CAD4C51BA4906F006D79FC /* Sources */ = {
			isa = PBXSourcesBuildPhase;
			buildActionMask = 2147483647;
			files = (
				89CAD4D31BA490A3006D79FC /* NSObject+Ra.swift in Sources */,
				89CAD4D21BA490A3006D79FC /* Injector.swift in Sources */,
			);
			runOnlyForDeploymentPostprocessing = 0;
		};
		AE68A1351A79AD4A0092D873 /* Sources */ = {
			isa = PBXSourcesBuildPhase;
			buildActionMask = 2147483647;
			files = (
				89EF4FF31A98341F0052A82F /* NSObject+Ra.swift in Sources */,
				AE68A1851A79AE980092D873 /* Injector.swift in Sources */,
			);
			runOnlyForDeploymentPostprocessing = 0;
		};
		AE68A1411A79AD4A0092D873 /* Sources */ = {
			isa = PBXSourcesBuildPhase;
			buildActionMask = 2147483647;
			files = (
				AE68A1831A79AE380092D873 /* InjectorSpecs.swift in Sources */,
			);
			runOnlyForDeploymentPostprocessing = 0;
		};
/* End PBXSourcesBuildPhase section */

/* Begin PBXTargetDependency section */
		8955AAAD1A79F72100D18868 /* PBXTargetDependency */ = {
			isa = PBXTargetDependency;
			target = 8955AA9F1A79F72100D18868 /* Ra-iOS */;
			targetProxy = 8955AAAC1A79F72100D18868 /* PBXContainerItemProxy */;
		};
		8966C1C31C2B77EE003DC04E /* PBXTargetDependency */ = {
			isa = PBXTargetDependency;
			target = 8966C1B61C2B77EE003DC04E /* Ra-tvOS */;
			targetProxy = 8966C1C21C2B77EE003DC04E /* PBXContainerItemProxy */;
		};
		AE68A1481A79AD4A0092D873 /* PBXTargetDependency */ = {
			isa = PBXTargetDependency;
			target = AE68A1391A79AD4A0092D873 /* Ra */;
			targetProxy = AE68A1471A79AD4A0092D873 /* PBXContainerItemProxy */;
		};
/* End PBXTargetDependency section */

/* Begin XCBuildConfiguration section */
		8955AAB31A79F72100D18868 /* Debug */ = {
			isa = XCBuildConfiguration;
			buildSettings = {
				"CODE_SIGN_IDENTITY[sdk=iphoneos*]" = "iPhone Developer";
				DEFINES_MODULE = YES;
				DYLIB_COMPATIBILITY_VERSION = 1;
				DYLIB_CURRENT_VERSION = 1;
				DYLIB_INSTALL_NAME_BASE = "@rpath";
				GCC_PREPROCESSOR_DEFINITIONS = (
					"DEBUG=1",
					"$(inherited)",
				);
				INFOPLIST_FILE = "Ra-iOS/Info.plist";
				INSTALL_PATH = "$(LOCAL_LIBRARY_DIR)/Frameworks";
				IPHONEOS_DEPLOYMENT_TARGET = 8.0;
				LD_RUNPATH_SEARCH_PATHS = "$(inherited) @executable_path/Frameworks @loader_path/Frameworks";
				PRODUCT_BUNDLE_IDENTIFIER = "com.rachelbrindle.$(PRODUCT_NAME:rfc1034identifier)";
				PRODUCT_NAME = Ra;
				SDKROOT = iphoneos;
				SKIP_INSTALL = YES;
				TARGETED_DEVICE_FAMILY = "1,2";
			};
			name = Debug;
		};
		8955AAB41A79F72100D18868 /* Release */ = {
			isa = XCBuildConfiguration;
			buildSettings = {
				"CODE_SIGN_IDENTITY[sdk=iphoneos*]" = "iPhone Developer";
				COPY_PHASE_STRIP = YES;
				DEFINES_MODULE = YES;
				DYLIB_COMPATIBILITY_VERSION = 1;
				DYLIB_CURRENT_VERSION = 1;
				DYLIB_INSTALL_NAME_BASE = "@rpath";
				INFOPLIST_FILE = "Ra-iOS/Info.plist";
				INSTALL_PATH = "$(LOCAL_LIBRARY_DIR)/Frameworks";
				IPHONEOS_DEPLOYMENT_TARGET = 8.0;
				LD_RUNPATH_SEARCH_PATHS = "$(inherited) @executable_path/Frameworks @loader_path/Frameworks";
				PRODUCT_BUNDLE_IDENTIFIER = "com.rachelbrindle.$(PRODUCT_NAME:rfc1034identifier)";
				PRODUCT_NAME = Ra;
				SDKROOT = iphoneos;
				SKIP_INSTALL = YES;
				TARGETED_DEVICE_FAMILY = "1,2";
				VALIDATE_PRODUCT = YES;
			};
			name = Release;
		};
		8955AAB51A79F72100D18868 /* Debug */ = {
			isa = XCBuildConfiguration;
			buildSettings = {
				APPLICATION_EXTENSION_API_ONLY = NO;
				CODE_SIGN_IDENTITY = "iPhone Developer";
				FRAMEWORK_SEARCH_PATHS = (
					"$(SDKROOT)/Developer/Library/Frameworks",
					"$(inherited)",
					"$(PROJECT_DIR)/Carthage/Build/iOS",
				);
				GCC_PREPROCESSOR_DEFINITIONS = (
					"DEBUG=1",
					"$(inherited)",
				);
				GCC_TREAT_WARNINGS_AS_ERRORS = NO;
				INFOPLIST_FILE = "Ra-iOSTests/Info.plist";
				IPHONEOS_DEPLOYMENT_TARGET = 8.1;
				LD_RUNPATH_SEARCH_PATHS = "$(inherited) @executable_path/Frameworks @loader_path/Frameworks";
				PRODUCT_BUNDLE_IDENTIFIER = "com.rachelbrindle.$(PRODUCT_NAME:rfc1034identifier)";
				PRODUCT_NAME = "$(TARGET_NAME:c99extidentifier)";
				SDKROOT = iphoneos;
			};
			name = Debug;
		};
		8955AAB61A79F72100D18868 /* Release */ = {
			isa = XCBuildConfiguration;
			buildSettings = {
				APPLICATION_EXTENSION_API_ONLY = NO;
				CODE_SIGN_IDENTITY = "iPhone Developer";
				COPY_PHASE_STRIP = YES;
				FRAMEWORK_SEARCH_PATHS = (
					"$(SDKROOT)/Developer/Library/Frameworks",
					"$(inherited)",
					"$(PROJECT_DIR)/Carthage/Build/iOS",
				);
				GCC_TREAT_WARNINGS_AS_ERRORS = NO;
				INFOPLIST_FILE = "Ra-iOSTests/Info.plist";
				IPHONEOS_DEPLOYMENT_TARGET = 8.1;
				LD_RUNPATH_SEARCH_PATHS = "$(inherited) @executable_path/Frameworks @loader_path/Frameworks";
				PRODUCT_BUNDLE_IDENTIFIER = "com.rachelbrindle.$(PRODUCT_NAME:rfc1034identifier)";
				PRODUCT_NAME = "$(TARGET_NAME:c99extidentifier)";
				SDKROOT = iphoneos;
				VALIDATE_PRODUCT = YES;
			};
			name = Release;
		};
		8966C1C91C2B77EE003DC04E /* Debug */ = {
			isa = XCBuildConfiguration;
			buildSettings = {
				DEBUG_INFORMATION_FORMAT = dwarf;
				DEFINES_MODULE = YES;
				DYLIB_COMPATIBILITY_VERSION = 1;
				DYLIB_CURRENT_VERSION = 1;
				DYLIB_INSTALL_NAME_BASE = "@rpath";
				GCC_NO_COMMON_BLOCKS = YES;
				INFOPLIST_FILE = "Ra-tvOS/Info.plist";
				INSTALL_PATH = "$(LOCAL_LIBRARY_DIR)/Frameworks";
				LD_RUNPATH_SEARCH_PATHS = "$(inherited) @executable_path/Frameworks @loader_path/Frameworks";
				PRODUCT_BUNDLE_IDENTIFIER = com.rachelbrindle.Ra;
				PRODUCT_NAME = Ra;
				SDKROOT = appletvos;
				SKIP_INSTALL = YES;
				TARGETED_DEVICE_FAMILY = 3;
				TVOS_DEPLOYMENT_TARGET = 9.0;
			};
			name = Debug;
		};
		8966C1CA1C2B77EE003DC04E /* Release */ = {
			isa = XCBuildConfiguration;
			buildSettings = {
				DEFINES_MODULE = YES;
				DYLIB_COMPATIBILITY_VERSION = 1;
				DYLIB_CURRENT_VERSION = 1;
				DYLIB_INSTALL_NAME_BASE = "@rpath";
				GCC_NO_COMMON_BLOCKS = YES;
				INFOPLIST_FILE = "Ra-tvOS/Info.plist";
				INSTALL_PATH = "$(LOCAL_LIBRARY_DIR)/Frameworks";
				LD_RUNPATH_SEARCH_PATHS = "$(inherited) @executable_path/Frameworks @loader_path/Frameworks";
				PRODUCT_BUNDLE_IDENTIFIER = com.rachelbrindle.Ra;
				PRODUCT_NAME = Ra;
				SDKROOT = appletvos;
				SKIP_INSTALL = YES;
				TARGETED_DEVICE_FAMILY = 3;
				TVOS_DEPLOYMENT_TARGET = 9.0;
				VALIDATE_PRODUCT = YES;
			};
			name = Release;
		};
		8966C1CC1C2B77EE003DC04E /* Debug */ = {
			isa = XCBuildConfiguration;
			buildSettings = {
				DEBUG_INFORMATION_FORMAT = dwarf;
				FRAMEWORK_SEARCH_PATHS = (
					"$(inherited)",
					"$(PROJECT_DIR)/Carthage/Build/tvOS",
				);
				GCC_NO_COMMON_BLOCKS = YES;
				INFOPLIST_FILE = "Ra-tvOSTests/Info.plist";
				LD_RUNPATH_SEARCH_PATHS = "$(inherited) @executable_path/Frameworks @loader_path/Frameworks";
				PRODUCT_BUNDLE_IDENTIFIER = "com.rachelbrindle.Ra-tvOSTests";
				PRODUCT_NAME = "$(TARGET_NAME)";
				SDKROOT = appletvos;
				TVOS_DEPLOYMENT_TARGET = 9.1;
			};
			name = Debug;
		};
		8966C1CD1C2B77EE003DC04E /* Release */ = {
			isa = XCBuildConfiguration;
			buildSettings = {
				FRAMEWORK_SEARCH_PATHS = (
					"$(inherited)",
					"$(PROJECT_DIR)/Carthage/Build/tvOS",
				);
				GCC_NO_COMMON_BLOCKS = YES;
				INFOPLIST_FILE = "Ra-tvOSTests/Info.plist";
				LD_RUNPATH_SEARCH_PATHS = "$(inherited) @executable_path/Frameworks @loader_path/Frameworks";
				PRODUCT_BUNDLE_IDENTIFIER = "com.rachelbrindle.Ra-tvOSTests";
				PRODUCT_NAME = "$(TARGET_NAME)";
				SDKROOT = appletvos;
				TVOS_DEPLOYMENT_TARGET = 9.1;
				VALIDATE_PRODUCT = YES;
			};
			name = Release;
		};
		89CAD4D01BA4906F006D79FC /* Debug */ = {
			isa = XCBuildConfiguration;
			buildSettings = {
				DEBUG_INFORMATION_FORMAT = dwarf;
				DEFINES_MODULE = YES;
				DYLIB_COMPATIBILITY_VERSION = 1;
				DYLIB_CURRENT_VERSION = 1;
				DYLIB_INSTALL_NAME_BASE = "@rpath";
				GCC_NO_COMMON_BLOCKS = YES;
				INFOPLIST_FILE = "Ra-WatchOS/Info.plist";
				INSTALL_PATH = "$(LOCAL_LIBRARY_DIR)/Frameworks";
				LD_RUNPATH_SEARCH_PATHS = "$(inherited) @executable_path/Frameworks @loader_path/Frameworks";
				PRODUCT_BUNDLE_IDENTIFIER = com.rachelbrindle.Ra;
				PRODUCT_NAME = Ra;
				SDKROOT = watchos;
				SKIP_INSTALL = YES;
				TARGETED_DEVICE_FAMILY = 4;
				WATCHOS_DEPLOYMENT_TARGET = 2.0;
			};
			name = Debug;
		};
		89CAD4D11BA4906F006D79FC /* Release */ = {
			isa = XCBuildConfiguration;
			buildSettings = {
				DEFINES_MODULE = YES;
				DYLIB_COMPATIBILITY_VERSION = 1;
				DYLIB_CURRENT_VERSION = 1;
				DYLIB_INSTALL_NAME_BASE = "@rpath";
				GCC_NO_COMMON_BLOCKS = YES;
				INFOPLIST_FILE = "Ra-WatchOS/Info.plist";
				INSTALL_PATH = "$(LOCAL_LIBRARY_DIR)/Frameworks";
				LD_RUNPATH_SEARCH_PATHS = "$(inherited) @executable_path/Frameworks @loader_path/Frameworks";
				PRODUCT_BUNDLE_IDENTIFIER = com.rachelbrindle.Ra;
				PRODUCT_NAME = Ra;
				SDKROOT = watchos;
				SKIP_INSTALL = YES;
				TARGETED_DEVICE_FAMILY = 4;
				VALIDATE_PRODUCT = YES;
				WATCHOS_DEPLOYMENT_TARGET = 2.0;
			};
			name = Release;
		};
		AE68A14E1A79AD4A0092D873 /* Debug */ = {
			isa = XCBuildConfiguration;
			buildSettings = {
				ALWAYS_SEARCH_USER_PATHS = NO;
				APPLICATION_EXTENSION_API_ONLY = YES;
				CLANG_CXX_LANGUAGE_STANDARD = "gnu++0x";
				CLANG_CXX_LIBRARY = "libc++";
				CLANG_ENABLE_MODULES = YES;
				CLANG_ENABLE_OBJC_ARC = YES;
				CLANG_WARN_BOOL_CONVERSION = YES;
				CLANG_WARN_CONSTANT_CONVERSION = YES;
				CLANG_WARN_DIRECT_OBJC_ISA_USAGE = YES_ERROR;
				CLANG_WARN_EMPTY_BODY = YES;
				CLANG_WARN_ENUM_CONVERSION = YES;
				CLANG_WARN_INT_CONVERSION = YES;
				CLANG_WARN_OBJC_ROOT_CLASS = YES_ERROR;
				CLANG_WARN_UNREACHABLE_CODE = YES;
				CLANG_WARN__DUPLICATE_METHOD_MATCH = YES;
				COPY_PHASE_STRIP = NO;
				CURRENT_PROJECT_VERSION = 1;
				ENABLE_BITCODE = YES;
				ENABLE_STRICT_OBJC_MSGSEND = YES;
				ENABLE_TESTABILITY = YES;
				GCC_C_LANGUAGE_STANDARD = gnu99;
				GCC_DYNAMIC_NO_PIC = NO;
				GCC_OPTIMIZATION_LEVEL = 0;
				GCC_PREPROCESSOR_DEFINITIONS = (
					"DEBUG=1",
					"$(inherited)",
				);
				GCC_SYMBOLS_PRIVATE_EXTERN = NO;
				GCC_TREAT_WARNINGS_AS_ERRORS = YES;
				GCC_WARN_64_TO_32_BIT_CONVERSION = YES;
				GCC_WARN_ABOUT_RETURN_TYPE = YES_ERROR;
				GCC_WARN_UNDECLARED_SELECTOR = YES;
				GCC_WARN_UNINITIALIZED_AUTOS = YES_AGGRESSIVE;
				GCC_WARN_UNUSED_FUNCTION = YES;
				GCC_WARN_UNUSED_VARIABLE = YES;
				MACOSX_DEPLOYMENT_TARGET = 10.10;
				MTL_ENABLE_DEBUG_INFO = YES;
				ONLY_ACTIVE_ARCH = YES;
				SDKROOT = macosx;
				SWIFT_OPTIMIZATION_LEVEL = "-Onone";
				VERSIONING_SYSTEM = "apple-generic";
				VERSION_INFO_PREFIX = "";
			};
			name = Debug;
		};
		AE68A14F1A79AD4A0092D873 /* Release */ = {
			isa = XCBuildConfiguration;
			buildSettings = {
				ALWAYS_SEARCH_USER_PATHS = NO;
				APPLICATION_EXTENSION_API_ONLY = YES;
				CLANG_CXX_LANGUAGE_STANDARD = "gnu++0x";
				CLANG_CXX_LIBRARY = "libc++";
				CLANG_ENABLE_MODULES = YES;
				CLANG_ENABLE_OBJC_ARC = YES;
				CLANG_WARN_BOOL_CONVERSION = YES;
				CLANG_WARN_CONSTANT_CONVERSION = YES;
				CLANG_WARN_DIRECT_OBJC_ISA_USAGE = YES_ERROR;
				CLANG_WARN_EMPTY_BODY = YES;
				CLANG_WARN_ENUM_CONVERSION = YES;
				CLANG_WARN_INT_CONVERSION = YES;
				CLANG_WARN_OBJC_ROOT_CLASS = YES_ERROR;
				CLANG_WARN_UNREACHABLE_CODE = YES;
				CLANG_WARN__DUPLICATE_METHOD_MATCH = YES;
				COPY_PHASE_STRIP = NO;
				CURRENT_PROJECT_VERSION = 1;
				DEBUG_INFORMATION_FORMAT = "dwarf-with-dsym";
				ENABLE_BITCODE = YES;
				ENABLE_NS_ASSERTIONS = NO;
				ENABLE_STRICT_OBJC_MSGSEND = YES;
				GCC_C_LANGUAGE_STANDARD = gnu99;
				GCC_TREAT_WARNINGS_AS_ERRORS = YES;
				GCC_WARN_64_TO_32_BIT_CONVERSION = YES;
				GCC_WARN_ABOUT_RETURN_TYPE = YES_ERROR;
				GCC_WARN_UNDECLARED_SELECTOR = YES;
				GCC_WARN_UNINITIALIZED_AUTOS = YES_AGGRESSIVE;
				GCC_WARN_UNUSED_FUNCTION = YES;
				GCC_WARN_UNUSED_VARIABLE = YES;
				MACOSX_DEPLOYMENT_TARGET = 10.10;
				MTL_ENABLE_DEBUG_INFO = NO;
				SDKROOT = macosx;
				VERSIONING_SYSTEM = "apple-generic";
				VERSION_INFO_PREFIX = "";
			};
			name = Release;
		};
		AE68A1511A79AD4A0092D873 /* Debug */ = {
			isa = XCBuildConfiguration;
			buildSettings = {
				CLANG_ENABLE_MODULES = YES;
				COMBINE_HIDPI_IMAGES = YES;
				DEFINES_MODULE = YES;
				DYLIB_COMPATIBILITY_VERSION = 1;
				DYLIB_CURRENT_VERSION = 1;
				DYLIB_INSTALL_NAME_BASE = "@rpath";
				ENABLE_BITCODE = NO;
				FRAMEWORK_VERSION = A;
				INFOPLIST_FILE = Ra/Info.plist;
				INSTALL_PATH = "$(LOCAL_LIBRARY_DIR)/Frameworks";
				LD_RUNPATH_SEARCH_PATHS = "$(inherited) @executable_path/../Frameworks @loader_path/Frameworks";
				PRODUCT_BUNDLE_IDENTIFIER = "com.rachelbrindle.$(PRODUCT_NAME:rfc1034identifier)";
				PRODUCT_NAME = "$(TARGET_NAME)";
				SKIP_INSTALL = YES;
				SWIFT_OPTIMIZATION_LEVEL = "-Onone";
			};
			name = Debug;
		};
		AE68A1521A79AD4A0092D873 /* Release */ = {
			isa = XCBuildConfiguration;
			buildSettings = {
				CLANG_ENABLE_MODULES = YES;
				COMBINE_HIDPI_IMAGES = YES;
				DEFINES_MODULE = YES;
				DYLIB_COMPATIBILITY_VERSION = 1;
				DYLIB_CURRENT_VERSION = 1;
				DYLIB_INSTALL_NAME_BASE = "@rpath";
				ENABLE_BITCODE = NO;
				FRAMEWORK_VERSION = A;
				INFOPLIST_FILE = Ra/Info.plist;
				INSTALL_PATH = "$(LOCAL_LIBRARY_DIR)/Frameworks";
				LD_RUNPATH_SEARCH_PATHS = "$(inherited) @executable_path/../Frameworks @loader_path/Frameworks";
				PRODUCT_BUNDLE_IDENTIFIER = "com.rachelbrindle.$(PRODUCT_NAME:rfc1034identifier)";
				PRODUCT_NAME = "$(TARGET_NAME)";
				SKIP_INSTALL = YES;
			};
			name = Release;
		};
		AE68A1541A79AD4A0092D873 /* Debug */ = {
			isa = XCBuildConfiguration;
			buildSettings = {
				APPLICATION_EXTENSION_API_ONLY = NO;
				COMBINE_HIDPI_IMAGES = YES;
				ENABLE_BITCODE = NO;
				FRAMEWORK_SEARCH_PATHS = (
					"$(DEVELOPER_FRAMEWORKS_DIR)",
					"$(inherited)",
					"$(PROJECT_DIR)/Carthage/Build/Mac",
				);
				GCC_PREPROCESSOR_DEFINITIONS = (
					"DEBUG=1",
					"$(inherited)",
				);
				GCC_TREAT_WARNINGS_AS_ERRORS = NO;
				INFOPLIST_FILE = RaTests/Info.plist;
				LD_RUNPATH_SEARCH_PATHS = "$(inherited) @executable_path/../Frameworks @loader_path/../Frameworks";
				PRODUCT_BUNDLE_IDENTIFIER = "com.rachelbrindle.$(PRODUCT_NAME:rfc1034identifier)";
				PRODUCT_NAME = "$(TARGET_NAME)";
			};
			name = Debug;
		};
		AE68A1551A79AD4A0092D873 /* Release */ = {
			isa = XCBuildConfiguration;
			buildSettings = {
				APPLICATION_EXTENSION_API_ONLY = NO;
				COMBINE_HIDPI_IMAGES = YES;
				ENABLE_BITCODE = NO;
				FRAMEWORK_SEARCH_PATHS = (
					"$(DEVELOPER_FRAMEWORKS_DIR)",
					"$(inherited)",
					"$(PROJECT_DIR)/Carthage/Build/Mac",
				);
				GCC_TREAT_WARNINGS_AS_ERRORS = NO;
				INFOPLIST_FILE = RaTests/Info.plist;
				LD_RUNPATH_SEARCH_PATHS = "$(inherited) @executable_path/../Frameworks @loader_path/../Frameworks";
				PRODUCT_BUNDLE_IDENTIFIER = "com.rachelbrindle.$(PRODUCT_NAME:rfc1034identifier)";
				PRODUCT_NAME = "$(TARGET_NAME)";
			};
			name = Release;
		};
/* End XCBuildConfiguration section */

/* Begin XCConfigurationList section */
		8955AABF1A79F72100D18868 /* Build configuration list for PBXNativeTarget "Ra-iOS" */ = {
			isa = XCConfigurationList;
			buildConfigurations = (
				8955AAB31A79F72100D18868 /* Debug */,
				8955AAB41A79F72100D18868 /* Release */,
			);
			defaultConfigurationIsVisible = 0;
			defaultConfigurationName = Release;
		};
		8955AAC01A79F72100D18868 /* Build configuration list for PBXNativeTarget "Ra-iOSTests" */ = {
			isa = XCConfigurationList;
			buildConfigurations = (
				8955AAB51A79F72100D18868 /* Debug */,
				8955AAB61A79F72100D18868 /* Release */,
			);
			defaultConfigurationIsVisible = 0;
			defaultConfigurationName = Release;
		};
		8966C1C81C2B77EE003DC04E /* Build configuration list for PBXNativeTarget "Ra-tvOS" */ = {
			isa = XCConfigurationList;
			buildConfigurations = (
				8966C1C91C2B77EE003DC04E /* Debug */,
				8966C1CA1C2B77EE003DC04E /* Release */,
			);
			defaultConfigurationIsVisible = 0;
		};
		8966C1CB1C2B77EE003DC04E /* Build configuration list for PBXNativeTarget "Ra-tvOSTests" */ = {
			isa = XCConfigurationList;
			buildConfigurations = (
				8966C1CC1C2B77EE003DC04E /* Debug */,
				8966C1CD1C2B77EE003DC04E /* Release */,
			);
			defaultConfigurationIsVisible = 0;
		};
		89CAD4CF1BA4906F006D79FC /* Build configuration list for PBXNativeTarget "Ra-WatchOS" */ = {
			isa = XCConfigurationList;
			buildConfigurations = (
				89CAD4D01BA4906F006D79FC /* Debug */,
				89CAD4D11BA4906F006D79FC /* Release */,
			);
			defaultConfigurationIsVisible = 0;
			defaultConfigurationName = Release;
		};
		AE68A1341A79AD4A0092D873 /* Build configuration list for PBXProject "Ra" */ = {
			isa = XCConfigurationList;
			buildConfigurations = (
				AE68A14E1A79AD4A0092D873 /* Debug */,
				AE68A14F1A79AD4A0092D873 /* Release */,
			);
			defaultConfigurationIsVisible = 0;
			defaultConfigurationName = Release;
		};
		AE68A1501A79AD4A0092D873 /* Build configuration list for PBXNativeTarget "Ra" */ = {
			isa = XCConfigurationList;
			buildConfigurations = (
				AE68A1511A79AD4A0092D873 /* Debug */,
				AE68A1521A79AD4A0092D873 /* Release */,
			);
			defaultConfigurationIsVisible = 0;
			defaultConfigurationName = Release;
		};
		AE68A1531A79AD4A0092D873 /* Build configuration list for PBXNativeTarget "RaTests" */ = {
			isa = XCConfigurationList;
			buildConfigurations = (
				AE68A1541A79AD4A0092D873 /* Debug */,
				AE68A1551A79AD4A0092D873 /* Release */,
			);
			defaultConfigurationIsVisible = 0;
			defaultConfigurationName = Release;
		};
/* End XCConfigurationList section */
	};
	rootObject = AE68A1311A79AD4A0092D873 /* Project object */;
}
